
Microsoft Visual Studio Solution File, Format Version 12.00
# Visual Studio Version 16
VisualStudioVersion = 16.0.29102.190
MinimumVisualStudioVersion = 10.0.40219.1
Project("{FAE04EC0-301F-11D3-BF4B-00C04F79EFBC}") = "XFormsCV.Android", "XFormsCV\XFormsCV.Android\XFormsCV.Android.csproj", "{63DDC49D-AE34-455B-A973-A9A05E35D876}"
EndProject
Project("{FAE04EC0-301F-11D3-BF4B-00C04F79EFBC}") = "XFormsCV.iOS", "XFormsCV\XFormsCV.iOS\XFormsCV.iOS.csproj", "{5A5FED20-A626-4519-9EAB-05CAE0656DBB}"
EndProject
Project("{9A19103F-16F7-4668-BE54-9A1E7A4F7556}") = "XFormsCV", "XFormsCV\XFormsCV\XFormsCV.csproj", "{8E4285C4-87E4-4EBA-B621-A49409AD49C0}"
EndProject
Global
	GlobalSection(SolutionConfigurationPlatforms) = preSolution
		Debug|Any CPU = Debug|Any CPU
		Debug|iPhone = Debug|iPhone
		Debug|iPhoneSimulator = Debug|iPhoneSimulator
		Release|Any CPU = Release|Any CPU
		Release|iPhone = Release|iPhone
		Release|iPhoneSimulator = Release|iPhoneSimulator
	EndGlobalSection
	GlobalSection(ProjectConfigurationPlatforms) = postSolution
		{63DDC49D-AE34-455B-A973-A9A05E35D876}.Debug|Any CPU.ActiveCfg = Debug|Any CPU
		{63DDC49D-AE34-455B-A973-A9A05E35D876}.Debug|Any CPU.Build.0 = Debug|Any CPU
		{63DDC49D-AE34-455B-A973-A9A05E35D876}.Debug|Any CPU.Deploy.0 = Debug|Any CPU
		{63DDC49D-AE34-455B-A973-A9A05E35D876}.Debug|iPhone.ActiveCfg = Debug|Any CPU
		{63DDC49D-AE34-455B-A973-A9A05E35D876}.Debug|iPhone.Build.0 = Debug|Any CPU
		{63DDC49D-AE34-455B-A973-A9A05E35D876}.Debug|iPhone.Deploy.0 = Debug|Any CPU
		{63DDC49D-AE34-455B-A973-A9A05E35D876}.Debug|iPhoneSimulator.ActiveCfg = Debug|Any CPU
		{63DDC49D-AE34-455B-A973-A9A05E35D876}.Debug|iPhoneSimulator.Build.0 = Debug|Any CPU
		{63DDC49D-AE34-455B-A973-A9A05E35D876}.Debug|iPhoneSimulator.Deploy.0 = Debug|Any CPU
		{63DDC49D-AE34-455B-A973-A9A05E35D876}.Release|Any CPU.ActiveCfg = Release|Any CPU
		{63DDC49D-AE34-455B-A973-A9A05E35D876}.Release|Any CPU.Build.0 = Release|Any CPU
		{63DDC49D-AE34-455B-A973-A9A05E35D876}.Release|Any CPU.Deploy.0 = Release|Any CPU
		{63DDC49D-AE34-455B-A973-A9A05E35D876}.Release|iPhone.ActiveCfg = Release|Any CPU
		{63DDC49D-AE34-455B-A973-A9A05E35D876}.Release|iPhone.Build.0 = Release|Any CPU
		{63DDC49D-AE34-455B-A973-A9A05E35D876}.Release|iPhone.Deploy.0 = Release|Any CPU
		{63DDC49D-AE34-455B-A973-A9A05E35D876}.Release|iPhoneSimulator.ActiveCfg = Release|Any CPU
		{63DDC49D-AE34-455B-A973-A9A05E35D876}.Release|iPhoneSimulator.Build.0 = Release|Any CPU
		{63DDC49D-AE34-455B-A973-A9A05E35D876}.Release|iPhoneSimulator.Deploy.0 = Release|Any CPU
		{5A5FED20-A626-4519-9EAB-05CAE0656DBB}.Debug|Any CPU.ActiveCfg = Debug|iPhoneSimulator
		{5A5FED20-A626-4519-9EAB-05CAE0656DBB}.Debug|Any CPU.Build.0 = Debug|iPhoneSimulator
		{5A5FED20-A626-4519-9EAB-05CAE0656DBB}.Debug|Any CPU.Deploy.0 = Debug|iPhoneSimulator
		{5A5FED20-A626-4519-9EAB-05CAE0656DBB}.Debug|iPhone.ActiveCfg = Debug|iPhone
		{5A5FED20-A626-4519-9EAB-05CAE0656DBB}.Debug|iPhone.Build.0 = Debug|iPhone
		{5A5FED20-A626-4519-9EAB-05CAE0656DBB}.Debug|iPhone.Deploy.0 = Debug|iPhone
		{5A5FED20-A626-4519-9EAB-05CAE0656DBB}.Debug|iPhoneSimulator.ActiveCfg = Debug|iPhoneSimulator
		{5A5FED20-A626-4519-9EAB-05CAE0656DBB}.Debug|iPhoneSimulator.Build.0 = Debug|iPhoneSimulator
		{5A5FED20-A626-4519-9EAB-05CAE0656DBB}.Debug|iPhoneSimulator.Deploy.0 = Debug|iPhoneSimulator
		{5A5FED20-A626-4519-9EAB-05CAE0656DBB}.Release|Any CPU.ActiveCfg = Release|iPhone
		{5A5FED20-A626-4519-9EAB-05CAE0656DBB}.Release|Any CPU.Build.0 = Release|iPhone
		{5A5FED20-A626-4519-9EAB-05CAE0656DBB}.Release|Any CPU.Deploy.0 = Release|iPhone
		{5A5FED20-A626-4519-9EAB-05CAE0656DBB}.Release|iPhone.ActiveCfg = Release|iPhone
		{5A5FED20-A626-4519-9EAB-05CAE0656DBB}.Release|iPhone.Build.0 = Release|iPhone
		{5A5FED20-A626-4519-9EAB-05CAE0656DBB}.Release|iPhone.Deploy.0 = Release|iPhone
		{5A5FED20-A626-4519-9EAB-05CAE0656DBB}.Release|iPhoneSimulator.ActiveCfg = Release|iPhoneSimulator
		{5A5FED20-A626-4519-9EAB-05CAE0656DBB}.Release|iPhoneSimulator.Build.0 = Release|iPhoneSimulator
		{5A5FED20-A626-4519-9EAB-05CAE0656DBB}.Release|iPhoneSimulator.Deploy.0 = Release|iPhoneSimulator
		{8E4285C4-87E4-4EBA-B621-A49409AD49C0}.Debug|Any CPU.ActiveCfg = Debug|Any CPU
		{8E4285C4-87E4-4EBA-B621-A49409AD49C0}.Debug|Any CPU.Build.0 = Debug|Any CPU
		{8E4285C4-87E4-4EBA-B621-A49409AD49C0}.Debug|Any CPU.Deploy.0 = Debug|Any CPU
		{8E4285C4-87E4-4EBA-B621-A49409AD49C0}.Debug|iPhone.ActiveCfg = Debug|Any CPU
		{8E4285C4-87E4-4EBA-B621-A49409AD49C0}.Debug|iPhone.Build.0 = Debug|Any CPU
		{8E4285C4-87E4-4EBA-B621-A49409AD49C0}.Debug|iPhone.Deploy.0 = Debug|Any CPU
		{8E4285C4-87E4-4EBA-B621-A49409AD49C0}.Debug|iPhoneSimulator.ActiveCfg = Debug|Any CPU
		{8E4285C4-87E4-4EBA-B621-A49409AD49C0}.Debug|iPhoneSimulator.Build.0 = Debug|Any CPU
		{8E4285C4-87E4-4EBA-B621-A49409AD49C0}.Debug|iPhoneSimulator.Deploy.0 = Debug|Any CPU
		{8E4285C4-87E4-4EBA-B621-A49409AD49C0}.Release|Any CPU.ActiveCfg = Release|Any CPU
		{8E4285C4-87E4-4EBA-B621-A49409AD49C0}.Release|Any CPU.Build.0 = Release|Any CPU
		{8E4285C4-87E4-4EBA-B621-A49409AD49C0}.Release|Any CPU.Deploy.0 = Release|Any CPU
		{8E4285C4-87E4-4EBA-B621-A49409AD49C0}.Release|iPhone.ActiveCfg = Release|Any CPU
		{8E4285C4-87E4-4EBA-B621-A49409AD49C0}.Release|iPhone.Build.0 = Release|Any CPU
		{8E4285C4-87E4-4EBA-B621-A49409AD49C0}.Release|iPhone.Deploy.0 = Release|Any CPU
		{8E4285C4-87E4-4EBA-B621-A49409AD49C0}.Release|iPhoneSimulator.ActiveCfg = Release|Any CPU
		{8E4285C4-87E4-4EBA-B621-A49409AD49C0}.Release|iPhoneSimulator.Build.0 = Release|Any CPU
		{8E4285C4-87E4-4EBA-B621-A49409AD49C0}.Release|iPhoneSimulator.Deploy.0 = Release|Any CPU
	EndGlobalSection
	GlobalSection(SolutionProperties) = preSolution
		HideSolutionNode = FALSE
	EndGlobalSection
	GlobalSection(ExtensibilityGlobals) = postSolution
		SolutionGuid = {843CAA7F-DF61-4D40-B738-EBAC84C477E4}
	EndGlobalSection
EndGlobal
